
Microsoft Visual Studio Solution File, Format Version 12.00
# Visual Studio 15
VisualStudioVersion = 15.0.28010.0
MinimumVisualStudioVersion = 10.0.40219.1
Project("{FAE04EC0-301F-11D3-BF4B-00C04F79EFBC}") = "CaurixTemplateOperator", "CaurixTemplateOperator\CaurixTemplateOperator.csproj", "{3FED9D81-526A-442D-992D-3F23E8AC619F}"
EndProject
Global
	GlobalSection(SolutionConfigurationPlatforms) = preSolution
		Debug|Any CPU = Debug|Any CPU
		Release|Any CPU = Release|Any CPU
	EndGlobalSection
	GlobalSection(ProjectConfigurationPlatforms) = postSolution
		{3FED9D81-526A-442D-992D-3F23E8AC619F}.Debug|Any CPU.ActiveCfg = Debug|Any CPU
		{3FED9D81-526A-442D-992D-3F23E8AC619F}.Debug|Any CPU.Build.0 = Debug|Any CPU
		{3FED9D81-526A-442D-992D-3F23E8AC619F}.Release|Any CPU.ActiveCfg = Release|Any CPU
		{3FED9D81-526A-442D-992D-3F23E8AC619F}.Release|Any CPU.Build.0 = Release|Any CPU
	EndGlobalSection
	GlobalSection(SolutionProperties) = preSolution
		HideSolutionNode = FALSE
	EndGlobalSection
	GlobalSection(ExtensibilityGlobals) = postSolution
		SolutionGuid = {F67DD99C-26D2-46E9-89B3-8643F82661C0}
	EndGlobalSection
EndGlobal
